
Microsoft Visual Studio Solution File, Format Version 12.00
# Visual Studio Version 17
VisualStudioVersion = 17.10.34928.147
MinimumVisualStudioVersion = 10.0.40219.1
Project("{FAE04EC0-301F-11D3-BF4B-00C04F79EFBC}") = "MyCalculate", "MyCalculate\MyCalculate.csproj", "{49C756C5-DC23-488E-B0DA-808CE8E4DC54}"
EndProject
Global
	GlobalSection(SolutionConfigurationPlatforms) = preSolution
		Debug|Any CPU = Debug|Any CPU
		Release|Any CPU = Release|Any CPU
	EndGlobalSection
	GlobalSection(ProjectConfigurationPlatforms) = postSolution
		{49C756C5-DC23-488E-B0DA-808CE8E4DC54}.Debug|Any CPU.ActiveCfg = Debug|Any CPU
		{49C756C5-DC23-488E-B0DA-808CE8E4DC54}.Debug|Any CPU.Build.0 = Debug|Any CPU
		{49C756C5-DC23-488E-B0DA-808CE8E4DC54}.Release|Any CPU.ActiveCfg = Release|Any CPU
		{49C756C5-DC23-488E-B0DA-808CE8E4DC54}.Release|Any CPU.Build.0 = Release|Any CPU
	EndGlobalSection
	GlobalSection(SolutionProperties) = preSolution
		HideSolutionNode = FALSE
	EndGlobalSection
	GlobalSection(ExtensibilityGlobals) = postSolution
		SolutionGuid = {B2B19322-18A0-4396-96EA-F84D1270DE1B}
	EndGlobalSection
EndGlobal
