
Microsoft Visual Studio Solution File, Format Version 12.00
# Visual Studio Version 17
VisualStudioVersion = 17.10.35004.147
MinimumVisualStudioVersion = 10.0.40219.1
Project("{9A19103F-16F7-4668-BE54-9A1E7A4F7556}") = "ExcelGenerator", "ExcelGenerator1\ExcelGenerator.csproj", "{42463BE3-9742-4D78-BBE9-7A01B89E5395}"
EndProject
Global
	GlobalSection(SolutionConfigurationPlatforms) = preSolution
		Debug|Any CPU = Debug|Any CPU
		Release|Any CPU = Release|Any CPU
	EndGlobalSection
	GlobalSection(ProjectConfigurationPlatforms) = postSolution
		{42463BE3-9742-4D78-BBE9-7A01B89E5395}.Debug|Any CPU.ActiveCfg = Debug|Any CPU
		{42463BE3-9742-4D78-BBE9-7A01B89E5395}.Debug|Any CPU.Build.0 = Debug|Any CPU
		{42463BE3-9742-4D78-BBE9-7A01B89E5395}.Release|Any CPU.ActiveCfg = Release|Any CPU
		{42463BE3-9742-4D78-BBE9-7A01B89E5395}.Release|Any CPU.Build.0 = Release|Any CPU
	EndGlobalSection
	GlobalSection(SolutionProperties) = preSolution
		HideSolutionNode = FALSE
	EndGlobalSection
	GlobalSection(ExtensibilityGlobals) = postSolution
		SolutionGuid = {614060B1-7C7C-46CB-AE5E-083CA41316BC}
	EndGlobalSection
EndGlobal
